
Microsoft Visual Studio Solution File, Format Version 12.00
# Visual Studio Version 16
VisualStudioVersion = 16.0.31515.178
MinimumVisualStudioVersion = 10.0.40219.1
Project("{FAE04EC0-301F-11D3-BF4B-00C04F79EFBC}") = "DDD.WPF", "DDD WPF\DDD.WPF.csproj", "{1B3D7DA0-1FF5-456B-B667-05576BFA2AAE}"
EndProject
Project("{FAE04EC0-301F-11D3-BF4B-00C04F79EFBC}") = "DDD.Domain", "DDD.Domain\DDD.Domain.csproj", "{89B57E1E-96F1-4244-8C81-572CECB04415}"
EndProject
Project("{FAE04EC0-301F-11D3-BF4B-00C04F79EFBC}") = "DDD.Infrastructure", "DDD.Infrastructure\DDD.Infrastructure.csproj", "{65D2B8FA-5DBF-434D-B7B0-99C3FBC7EA9B}"
EndProject
Project("{FAE04EC0-301F-11D3-BF4B-00C04F79EFBC}") = "DDDTest.Tests", "DDDTest.Tests\DDDTest.Tests.csproj", "{FB797710-1999-4E24-BAC1-9F0DA1C85A4D}"
	ProjectSection(ProjectDependencies) = postProject
		{89B57E1E-96F1-4244-8C81-572CECB04415} = {89B57E1E-96F1-4244-8C81-572CECB04415}
		{1B3D7DA0-1FF5-456B-B667-05576BFA2AAE} = {1B3D7DA0-1FF5-456B-B667-05576BFA2AAE}
		{65D2B8FA-5DBF-434D-B7B0-99C3FBC7EA9B} = {65D2B8FA-5DBF-434D-B7B0-99C3FBC7EA9B}
	EndProjectSection
EndProject
Global
	GlobalSection(SolutionConfigurationPlatforms) = preSolution
		Debug|Any CPU = Debug|Any CPU
		Release|Any CPU = Release|Any CPU
	EndGlobalSection
	GlobalSection(ProjectConfigurationPlatforms) = postSolution
		{1B3D7DA0-1FF5-456B-B667-05576BFA2AAE}.Debug|Any CPU.ActiveCfg = Debug|Any CPU
		{1B3D7DA0-1FF5-456B-B667-05576BFA2AAE}.Debug|Any CPU.Build.0 = Debug|Any CPU
		{1B3D7DA0-1FF5-456B-B667-05576BFA2AAE}.Release|Any CPU.ActiveCfg = Release|Any CPU
		{1B3D7DA0-1FF5-456B-B667-05576BFA2AAE}.Release|Any CPU.Build.0 = Release|Any CPU
		{89B57E1E-96F1-4244-8C81-572CECB04415}.Debug|Any CPU.ActiveCfg = Debug|Any CPU
		{89B57E1E-96F1-4244-8C81-572CECB04415}.Debug|Any CPU.Build.0 = Debug|Any CPU
		{89B57E1E-96F1-4244-8C81-572CECB04415}.Release|Any CPU.ActiveCfg = Release|Any CPU
		{89B57E1E-96F1-4244-8C81-572CECB04415}.Release|Any CPU.Build.0 = Release|Any CPU
		{65D2B8FA-5DBF-434D-B7B0-99C3FBC7EA9B}.Debug|Any CPU.ActiveCfg = Debug|Any CPU
		{65D2B8FA-5DBF-434D-B7B0-99C3FBC7EA9B}.Debug|Any CPU.Build.0 = Debug|Any CPU
		{65D2B8FA-5DBF-434D-B7B0-99C3FBC7EA9B}.Release|Any CPU.ActiveCfg = Release|Any CPU
		{65D2B8FA-5DBF-434D-B7B0-99C3FBC7EA9B}.Release|Any CPU.Build.0 = Release|Any CPU
		{FB797710-1999-4E24-BAC1-9F0DA1C85A4D}.Debug|Any CPU.ActiveCfg = Debug|Any CPU
		{FB797710-1999-4E24-BAC1-9F0DA1C85A4D}.Debug|Any CPU.Build.0 = Debug|Any CPU
		{FB797710-1999-4E24-BAC1-9F0DA1C85A4D}.Release|Any CPU.ActiveCfg = Release|Any CPU
		{FB797710-1999-4E24-BAC1-9F0DA1C85A4D}.Release|Any CPU.Build.0 = Release|Any CPU
	EndGlobalSection
	GlobalSection(SolutionProperties) = preSolution
		HideSolutionNode = FALSE
	EndGlobalSection
	GlobalSection(ExtensibilityGlobals) = postSolution
		SolutionGuid = {865BADAC-4024-4605-AAF9-6716AC9FCD5D}
	EndGlobalSection
EndGlobal
